
Microsoft Visual Studio Solution File, Format Version 12.00
# Visual Studio 15
VisualStudioVersion = 15.0.27703.2035
MinimumVisualStudioVersion = 10.0.40219.1
Project("{FAE04EC0-301F-11D3-BF4B-00C04F79EFBC}") = "CG 5-1", "CG 5-1\CG 5-1.csproj", "{31BE6ABD-5B70-4E9E-8436-8F6D6D27F735}"
EndProject
Global
	GlobalSection(SolutionConfigurationPlatforms) = preSolution
		Debug|Any CPU = Debug|Any CPU
		Release|Any CPU = Release|Any CPU
	EndGlobalSection
	GlobalSection(ProjectConfigurationPlatforms) = postSolution
		{31BE6ABD-5B70-4E9E-8436-8F6D6D27F735}.Debug|Any CPU.ActiveCfg = Debug|Any CPU
		{31BE6ABD-5B70-4E9E-8436-8F6D6D27F735}.Debug|Any CPU.Build.0 = Debug|Any CPU
		{31BE6ABD-5B70-4E9E-8436-8F6D6D27F735}.Release|Any CPU.ActiveCfg = Release|Any CPU
		{31BE6ABD-5B70-4E9E-8436-8F6D6D27F735}.Release|Any CPU.Build.0 = Release|Any CPU
	EndGlobalSection
	GlobalSection(SolutionProperties) = preSolution
		HideSolutionNode = FALSE
	EndGlobalSection
	GlobalSection(ExtensibilityGlobals) = postSolution
		SolutionGuid = {42ADE6AC-695E-4A4E-A488-0BA8DC276D4C}
	EndGlobalSection
EndGlobal
